
Microsoft Visual Studio Solution File, Format Version 12.00
# Visual Studio 2015
Project("{FAE04EC0-301F-11D3-BF4B-00C04F79EFBC}") = "Project Tactics.CSharp", "Project Tactics.CSharp.csproj", "{8A37C3FC-00E7-3CC9-C8BF-99A86A048BB6}"
EndProject
Project("{FAE04EC0-301F-11D3-BF4B-00C04F79EFBC}") = "Project Tactics.CSharp.Editor", "Project Tactics.CSharp.Editor.csproj", "{8B07F9C4-7AE8-4CAA-0911-1D2018F1AA3B}"
EndProject
Global
	GlobalSection(SolutionConfigurationPlatforms) = preSolution
		Debug|Any CPU = Debug|Any CPU
		Release|Any CPU = Release|Any CPU
	EndGlobalSection
	GlobalSection(ProjectConfigurationPlatforms) = postSolution
		{8A37C3FC-00E7-3CC9-C8BF-99A86A048BB6}.Debug|Any CPU.ActiveCfg = Debug|Any CPU
		{8A37C3FC-00E7-3CC9-C8BF-99A86A048BB6}.Debug|Any CPU.Build.0 = Debug|Any CPU
		{8A37C3FC-00E7-3CC9-C8BF-99A86A048BB6}.Release|Any CPU.ActiveCfg = Release|Any CPU
		{8A37C3FC-00E7-3CC9-C8BF-99A86A048BB6}.Release|Any CPU.Build.0 = Release|Any CPU
		{8B07F9C4-7AE8-4CAA-0911-1D2018F1AA3B}.Debug|Any CPU.ActiveCfg = Debug|Any CPU
		{8B07F9C4-7AE8-4CAA-0911-1D2018F1AA3B}.Debug|Any CPU.Build.0 = Debug|Any CPU
		{8B07F9C4-7AE8-4CAA-0911-1D2018F1AA3B}.Release|Any CPU.ActiveCfg = Release|Any CPU
		{8B07F9C4-7AE8-4CAA-0911-1D2018F1AA3B}.Release|Any CPU.Build.0 = Release|Any CPU
	EndGlobalSection
	GlobalSection(SolutionProperties) = preSolution
		HideSolutionNode = FALSE
	EndGlobalSection
EndGlobal
